
Microsoft Visual Studio Solution File, Format Version 12.00
# Visual Studio Version 17
VisualStudioVersion = 17.4.33205.214
MinimumVisualStudioVersion = 10.0.40219.1
Project("{FAE04EC0-301F-11D3-BF4B-00C04F79EFBC}") = "gmc_v_1_0", "gmc_v_1_0\gmc_v_1_0.csproj", "{A7C45736-3009-4478-8B82-55877B25AAB7}"
EndProject
Global
	GlobalSection(SolutionConfigurationPlatforms) = preSolution
		Debug|Any CPU = Debug|Any CPU
		Release|Any CPU = Release|Any CPU
	EndGlobalSection
	GlobalSection(ProjectConfigurationPlatforms) = postSolution
		{A7C45736-3009-4478-8B82-55877B25AAB7}.Debug|Any CPU.ActiveCfg = Debug|Any CPU
		{A7C45736-3009-4478-8B82-55877B25AAB7}.Debug|Any CPU.Build.0 = Debug|Any CPU
		{A7C45736-3009-4478-8B82-55877B25AAB7}.Release|Any CPU.ActiveCfg = Release|Any CPU
		{A7C45736-3009-4478-8B82-55877B25AAB7}.Release|Any CPU.Build.0 = Release|Any CPU
	EndGlobalSection
	GlobalSection(SolutionProperties) = preSolution
		HideSolutionNode = FALSE
	EndGlobalSection
	GlobalSection(ExtensibilityGlobals) = postSolution
		SolutionGuid = {33C5CD0C-CC6F-4698-B7D2-B875A3207F67}
	EndGlobalSection
EndGlobal
