
Microsoft Visual Studio Solution File, Format Version 12.00
# Visual Studio Version 17
VisualStudioVersion = 17.4.33122.133
MinimumVisualStudioVersion = 10.0.40219.1
Project("{FAE04EC0-301F-11D3-BF4B-00C04F79EFBC}") = "001-Base", "001-Base\001-Base.csproj", "{89AE0848-B413-4C97-8D66-23EA414DF286}"
EndProject
Project("{FAE04EC0-301F-11D3-BF4B-00C04F79EFBC}") = "002-Layout", "002-Layout\002-Layout.csproj", "{1007E0BB-1581-4FAF-B3C7-3C6BF1606266}"
EndProject
Project("{FAE04EC0-301F-11D3-BF4B-00C04F79EFBC}") = "003-Button", "003-Button\003-Button.csproj", "{50C928FF-667B-4DF9-838A-39932D042B52}"
EndProject
Project("{FAE04EC0-301F-11D3-BF4B-00C04F79EFBC}") = "004-Input", "004-Input\004-Input.csproj", "{CEB36524-DA60-4A46-BE2C-2724379AB72C}"
EndProject
Project("{FAE04EC0-301F-11D3-BF4B-00C04F79EFBC}") = "005-Example1", "005-Example1\005-Example1.csproj", "{BF76B488-61D2-4DF2-9701-2014B8B4FA31}"
EndProject
Project("{FAE04EC0-301F-11D3-BF4B-00C04F79EFBC}") = "006-Input2", "006-Input2\006-Input2.csproj", "{2F696ED0-C88F-42D6-BA52-3FADDF372BF4}"
EndProject
Global
	GlobalSection(SolutionConfigurationPlatforms) = preSolution
		Debug|Any CPU = Debug|Any CPU
		Release|Any CPU = Release|Any CPU
	EndGlobalSection
	GlobalSection(ProjectConfigurationPlatforms) = postSolution
		{89AE0848-B413-4C97-8D66-23EA414DF286}.Debug|Any CPU.ActiveCfg = Debug|Any CPU
		{89AE0848-B413-4C97-8D66-23EA414DF286}.Debug|Any CPU.Build.0 = Debug|Any CPU
		{89AE0848-B413-4C97-8D66-23EA414DF286}.Release|Any CPU.ActiveCfg = Release|Any CPU
		{89AE0848-B413-4C97-8D66-23EA414DF286}.Release|Any CPU.Build.0 = Release|Any CPU
		{1007E0BB-1581-4FAF-B3C7-3C6BF1606266}.Debug|Any CPU.ActiveCfg = Debug|Any CPU
		{1007E0BB-1581-4FAF-B3C7-3C6BF1606266}.Debug|Any CPU.Build.0 = Debug|Any CPU
		{1007E0BB-1581-4FAF-B3C7-3C6BF1606266}.Release|Any CPU.ActiveCfg = Release|Any CPU
		{1007E0BB-1581-4FAF-B3C7-3C6BF1606266}.Release|Any CPU.Build.0 = Release|Any CPU
		{50C928FF-667B-4DF9-838A-39932D042B52}.Debug|Any CPU.ActiveCfg = Debug|Any CPU
		{50C928FF-667B-4DF9-838A-39932D042B52}.Debug|Any CPU.Build.0 = Debug|Any CPU
		{50C928FF-667B-4DF9-838A-39932D042B52}.Release|Any CPU.ActiveCfg = Release|Any CPU
		{50C928FF-667B-4DF9-838A-39932D042B52}.Release|Any CPU.Build.0 = Release|Any CPU
		{CEB36524-DA60-4A46-BE2C-2724379AB72C}.Debug|Any CPU.ActiveCfg = Debug|Any CPU
		{CEB36524-DA60-4A46-BE2C-2724379AB72C}.Debug|Any CPU.Build.0 = Debug|Any CPU
		{CEB36524-DA60-4A46-BE2C-2724379AB72C}.Release|Any CPU.ActiveCfg = Release|Any CPU
		{CEB36524-DA60-4A46-BE2C-2724379AB72C}.Release|Any CPU.Build.0 = Release|Any CPU
		{BF76B488-61D2-4DF2-9701-2014B8B4FA31}.Debug|Any CPU.ActiveCfg = Debug|Any CPU
		{BF76B488-61D2-4DF2-9701-2014B8B4FA31}.Debug|Any CPU.Build.0 = Debug|Any CPU
		{BF76B488-61D2-4DF2-9701-2014B8B4FA31}.Release|Any CPU.ActiveCfg = Release|Any CPU
		{BF76B488-61D2-4DF2-9701-2014B8B4FA31}.Release|Any CPU.Build.0 = Release|Any CPU
		{2F696ED0-C88F-42D6-BA52-3FADDF372BF4}.Debug|Any CPU.ActiveCfg = Debug|Any CPU
		{2F696ED0-C88F-42D6-BA52-3FADDF372BF4}.Debug|Any CPU.Build.0 = Debug|Any CPU
		{2F696ED0-C88F-42D6-BA52-3FADDF372BF4}.Release|Any CPU.ActiveCfg = Release|Any CPU
		{2F696ED0-C88F-42D6-BA52-3FADDF372BF4}.Release|Any CPU.Build.0 = Release|Any CPU
	EndGlobalSection
	GlobalSection(SolutionProperties) = preSolution
		HideSolutionNode = FALSE
	EndGlobalSection
	GlobalSection(ExtensibilityGlobals) = postSolution
		SolutionGuid = {A90B1ECA-2CE6-4006-8C99-3664B45B978D}
	EndGlobalSection
EndGlobal
