
Microsoft Visual Studio Solution File, Format Version 12.00
# Visual Studio Version 17
VisualStudioVersion = 17.4.33122.133
MinimumVisualStudioVersion = 10.0.40219.1
Project("{FAE04EC0-301F-11D3-BF4B-00C04F79EFBC}") = "WPFTemplate01", "WPFTemplate01\WPFTemplate01.csproj", "{303DBD52-2700-4FF7-A7A4-0FF4B6B66959}"
EndProject
Global
	GlobalSection(SolutionConfigurationPlatforms) = preSolution
		Debug|Any CPU = Debug|Any CPU
		Release|Any CPU = Release|Any CPU
	EndGlobalSection
	GlobalSection(ProjectConfigurationPlatforms) = postSolution
		{303DBD52-2700-4FF7-A7A4-0FF4B6B66959}.Debug|Any CPU.ActiveCfg = Debug|Any CPU
		{303DBD52-2700-4FF7-A7A4-0FF4B6B66959}.Debug|Any CPU.Build.0 = Debug|Any CPU
		{303DBD52-2700-4FF7-A7A4-0FF4B6B66959}.Release|Any CPU.ActiveCfg = Release|Any CPU
		{303DBD52-2700-4FF7-A7A4-0FF4B6B66959}.Release|Any CPU.Build.0 = Release|Any CPU
	EndGlobalSection
	GlobalSection(SolutionProperties) = preSolution
		HideSolutionNode = FALSE
	EndGlobalSection
	GlobalSection(ExtensibilityGlobals) = postSolution
		SolutionGuid = {AA2D6096-4E66-4180-BF19-4CDC5BFD0650}
	EndGlobalSection
EndGlobal
