
Microsoft Visual Studio Solution File, Format Version 12.00
# Visual Studio Version 17
VisualStudioVersion = 17.3.32901.215
MinimumVisualStudioVersion = 10.0.40219.1
Project("{FAE04EC0-301F-11D3-BF4B-00C04F79EFBC}") = "Serial Communication", "Serial Communication\Serial Communication.csproj", "{FDCAEC72-C081-453B-B7D3-F996094E8CC4}"
EndProject
Global
	GlobalSection(SolutionConfigurationPlatforms) = preSolution
		Debug|Any CPU = Debug|Any CPU
		Release|Any CPU = Release|Any CPU
	EndGlobalSection
	GlobalSection(ProjectConfigurationPlatforms) = postSolution
		{FDCAEC72-C081-453B-B7D3-F996094E8CC4}.Debug|Any CPU.ActiveCfg = Debug|Any CPU
		{FDCAEC72-C081-453B-B7D3-F996094E8CC4}.Debug|Any CPU.Build.0 = Debug|Any CPU
		{FDCAEC72-C081-453B-B7D3-F996094E8CC4}.Release|Any CPU.ActiveCfg = Release|Any CPU
		{FDCAEC72-C081-453B-B7D3-F996094E8CC4}.Release|Any CPU.Build.0 = Release|Any CPU
	EndGlobalSection
	GlobalSection(SolutionProperties) = preSolution
		HideSolutionNode = FALSE
	EndGlobalSection
	GlobalSection(ExtensibilityGlobals) = postSolution
		SolutionGuid = {725FA15F-1A7B-4810-B8E4-02F10156BA31}
	EndGlobalSection
EndGlobal
