
Microsoft Visual Studio Solution File, Format Version 12.00
# Visual Studio Version 17
VisualStudioVersion = 17.3.32901.215
MinimumVisualStudioVersion = 10.0.40219.1
Project("{FAE04EC0-301F-11D3-BF4B-00C04F79EFBC}") = "SunnyUI", "SunnyUI\SunnyUI.csproj", "{F7C4FFF8-F939-4D27-AC39-0C221F337DCE}"
EndProject
Global
	GlobalSection(SolutionConfigurationPlatforms) = preSolution
		Debug|Any CPU = Debug|Any CPU
		Release|Any CPU = Release|Any CPU
	EndGlobalSection
	GlobalSection(ProjectConfigurationPlatforms) = postSolution
		{F7C4FFF8-F939-4D27-AC39-0C221F337DCE}.Debug|Any CPU.ActiveCfg = Debug|Any CPU
		{F7C4FFF8-F939-4D27-AC39-0C221F337DCE}.Debug|Any CPU.Build.0 = Debug|Any CPU
		{F7C4FFF8-F939-4D27-AC39-0C221F337DCE}.Release|Any CPU.ActiveCfg = Release|Any CPU
		{F7C4FFF8-F939-4D27-AC39-0C221F337DCE}.Release|Any CPU.Build.0 = Release|Any CPU
	EndGlobalSection
	GlobalSection(SolutionProperties) = preSolution
		HideSolutionNode = FALSE
	EndGlobalSection
	GlobalSection(ExtensibilityGlobals) = postSolution
		SolutionGuid = {D5DB33B4-6A8F-4A4B-9A5B-975719EB0C7F}
	EndGlobalSection
EndGlobal
